// !$*UTF8*$!
{
	archiveVersion = 1;
	classes = {
	};
	objectVersion = 46;
	objects = {

/* Begin PBXBuildFile section */
		12C59A0B87297C3A93C5F56D /* Pods_Insta_Gram.framework in Frameworks */ = {isa = PBXBuildFile; fileRef = E03398B3C20053A6F879CA64 /* Pods_Insta_Gram.framework */; };
		38EBB0F91E515F3D00D8A40F /* Auth.storyboard in Resources */ = {isa = PBXBuildFile; fileRef = 38EBB0F81E515F3D00D8A40F /* Auth.storyboard */; };
		9417324A1E4DAF2300D90FBE /* AppDelegate.swift in Sources */ = {isa = PBXBuildFile; fileRef = 941732491E4DAF2300D90FBE /* AppDelegate.swift */; };
		9417324C1E4DAF2300D90FBE /* LoginViewController.swift in Sources */ = {isa = PBXBuildFile; fileRef = 9417324B1E4DAF2300D90FBE /* LoginViewController.swift */; };
		9417324F1E4DAF2300D90FBE /* Main.storyboard in Resources */ = {isa = PBXBuildFile; fileRef = 9417324D1E4DAF2300D90FBE /* Main.storyboard */; };
		941732521E4DAF2300D90FBE /* Insta_Gram.xcdatamodeld in Sources */ = {isa = PBXBuildFile; fileRef = 941732501E4DAF2300D90FBE /* Insta_Gram.xcdatamodeld */; };
		941732541E4DAF2300D90FBE /* Assets.xcassets in Resources */ = {isa = PBXBuildFile; fileRef = 941732531E4DAF2300D90FBE /* Assets.xcassets */; };
		941732571E4DAF2300D90FBE /* LaunchScreen.storyboard in Resources */ = {isa = PBXBuildFile; fileRef = 941732551E4DAF2300D90FBE /* LaunchScreen.storyboard */; };
		9417325F1E4DB3CC00D90FBE /* GoogleService-Info.plist in Resources */ = {isa = PBXBuildFile; fileRef = 9417325E1E4DB3CC00D90FBE /* GoogleService-Info.plist */; };
		94B2E70E1E51668C00C33528 /* MainProfile.storyboard in Resources */ = {isa = PBXBuildFile; fileRef = 94B2E70D1E51668C00C33528 /* MainProfile.storyboard */; };
		94B2E7101E5166CC00C33528 /* MainProfileViewController.swift in Sources */ = {isa = PBXBuildFile; fileRef = 94B2E70F1E5166CC00C33528 /* MainProfileViewController.swift */; };
		94B2E7131E51727900C33528 /* EditProfileViewController.swift in Sources */ = {isa = PBXBuildFile; fileRef = 94B2E7121E51727900C33528 /* EditProfileViewController.swift */; };
		94B2E7151E51908A00C33528 /* EditProfileViewController(Extension).swift in Sources */ = {isa = PBXBuildFile; fileRef = 94B2E7141E51908A00C33528 /* EditProfileViewController(Extension).swift */; };
		94B2E7171E51970800C33528 /* UserDetail.swift in Sources */ = {isa = PBXBuildFile; fileRef = 94B2E7161E51970800C33528 /* UserDetail.swift */; };
		94B2E7191E51A0E600C33528 /* PostDetail.swift in Sources */ = {isa = PBXBuildFile; fileRef = 94B2E7181E51A0E600C33528 /* PostDetail.swift */; };
		94B2E71E1E521D4000C33528 /* FollowerTableViewCell.swift in Sources */ = {isa = PBXBuildFile; fileRef = 94B2E71C1E521D4000C33528 /* FollowerTableViewCell.swift */; };
		94B2E7221E52200E00C33528 /* FollowingTableViewCell.swift in Sources */ = {isa = PBXBuildFile; fileRef = 94B2E7201E52200E00C33528 /* FollowingTableViewCell.swift */; };
		94B2E7231E52200E00C33528 /* FollowingTableViewCell.xib in Resources */ = {isa = PBXBuildFile; fileRef = 94B2E7211E52200E00C33528 /* FollowingTableViewCell.xib */; };
		94B2E7291E52B24600C33528 /* FollowingViewController.swift in Sources */ = {isa = PBXBuildFile; fileRef = 94B2E7281E52B24600C33528 /* FollowingViewController.swift */; };
		94B2E72B1E52B2B600C33528 /* FollowerViewController.swift in Sources */ = {isa = PBXBuildFile; fileRef = 94B2E72A1E52B2B600C33528 /* FollowerViewController.swift */; };
		C01F0A201E51651300451A60 /* NewsFeed.storyboard in Resources */ = {isa = PBXBuildFile; fileRef = C01F0A1F1E51651300451A60 /* NewsFeed.storyboard */; };
		C01F0A231E5166A200451A60 /* TimelineTableViewCell.swift in Sources */ = {isa = PBXBuildFile; fileRef = C01F0A211E5166A200451A60 /* TimelineTableViewCell.swift */; };
		C01F0A271E51929E00451A60 /* publishPostViewController.swift in Sources */ = {isa = PBXBuildFile; fileRef = C01F0A261E51929E00451A60 /* publishPostViewController.swift */; };
		C01F0A2B1E51A33B00451A60 /* AllCommentsViewController.swift in Sources */ = {isa = PBXBuildFile; fileRef = C01F0A2A1E51A33B00451A60 /* AllCommentsViewController.swift */; };
		C058301F1E5153B800C8FDD0 /* TimelineViewController.swift in Sources */ = {isa = PBXBuildFile; fileRef = C058301E1E5153B800C8FDD0 /* TimelineViewController.swift */; };
		C0BC48461E4DB9F2001DA1BD /* CreateAccountViewController.swift in Sources */ = {isa = PBXBuildFile; fileRef = C0BC48451E4DB9F2001DA1BD /* CreateAccountViewController.swift */; };
		C0E401B11E52BDD1009ECF1B /* CommentsTableViewCell.swift in Sources */ = {isa = PBXBuildFile; fileRef = C0E401AF1E52BDD1009ECF1B /* CommentsTableViewCell.swift */; };
		C0E401B21E52BDD1009ECF1B /* CommentsTableViewCell.xib in Resources */ = {isa = PBXBuildFile; fileRef = C0E401B01E52BDD1009ECF1B /* CommentsTableViewCell.xib */; };
		C0E401B61E52C385009ECF1B /* Comments.swift in Sources */ = {isa = PBXBuildFile; fileRef = C0E401B51E52C385009ECF1B /* Comments.swift */; };
/* End PBXBuildFile section */

/* Begin PBXFileReference section */
		38EBB0F81E515F3D00D8A40F /* Auth.storyboard */ = {isa = PBXFileReference; fileEncoding = 4; lastKnownFileType = file.storyboard; path = Auth.storyboard; sourceTree = "<group>"; };
		941732461E4DAF2300D90FBE /* Insta.Gram.app */ = {isa = PBXFileReference; explicitFileType = wrapper.application; includeInIndex = 0; path = Insta.Gram.app; sourceTree = BUILT_PRODUCTS_DIR; };
		941732491E4DAF2300D90FBE /* AppDelegate.swift */ = {isa = PBXFileReference; lastKnownFileType = sourcecode.swift; path = AppDelegate.swift; sourceTree = "<group>"; };
		9417324B1E4DAF2300D90FBE /* LoginViewController.swift */ = {isa = PBXFileReference; lastKnownFileType = sourcecode.swift; path = LoginViewController.swift; sourceTree = "<group>"; };
		9417324E1E4DAF2300D90FBE /* Base */ = {isa = PBXFileReference; lastKnownFileType = file.storyboard; name = Base; path = Base.lproj/Main.storyboard; sourceTree = "<group>"; };
		941732511E4DAF2300D90FBE /* Insta_Gram.xcdatamodel */ = {isa = PBXFileReference; lastKnownFileType = wrapper.xcdatamodel; path = Insta_Gram.xcdatamodel; sourceTree = "<group>"; };
		941732531E4DAF2300D90FBE /* Assets.xcassets */ = {isa = PBXFileReference; lastKnownFileType = folder.assetcatalog; path = Assets.xcassets; sourceTree = "<group>"; };
		941732561E4DAF2300D90FBE /* Base */ = {isa = PBXFileReference; lastKnownFileType = file.storyboard; name = Base; path = Base.lproj/LaunchScreen.storyboard; sourceTree = "<group>"; };
		941732581E4DAF2300D90FBE /* Info.plist */ = {isa = PBXFileReference; lastKnownFileType = text.plist.xml; path = Info.plist; sourceTree = "<group>"; };
		9417325E1E4DB3CC00D90FBE /* GoogleService-Info.plist */ = {isa = PBXFileReference; fileEncoding = 4; lastKnownFileType = text.plist.xml; path = "GoogleService-Info.plist"; sourceTree = "<group>"; };
		94B2E70D1E51668C00C33528 /* MainProfile.storyboard */ = {isa = PBXFileReference; fileEncoding = 4; lastKnownFileType = file.storyboard; path = MainProfile.storyboard; sourceTree = "<group>"; };
		94B2E70F1E5166CC00C33528 /* MainProfileViewController.swift */ = {isa = PBXFileReference; fileEncoding = 4; lastKnownFileType = sourcecode.swift; path = MainProfileViewController.swift; sourceTree = "<group>"; };
		94B2E7121E51727900C33528 /* EditProfileViewController.swift */ = {isa = PBXFileReference; fileEncoding = 4; lastKnownFileType = sourcecode.swift; path = EditProfileViewController.swift; sourceTree = "<group>"; };
		94B2E7141E51908A00C33528 /* EditProfileViewController(Extension).swift */ = {isa = PBXFileReference; fileEncoding = 4; lastKnownFileType = sourcecode.swift; path = "EditProfileViewController(Extension).swift"; sourceTree = "<group>"; };
		94B2E7161E51970800C33528 /* UserDetail.swift */ = {isa = PBXFileReference; fileEncoding = 4; lastKnownFileType = sourcecode.swift; path = UserDetail.swift; sourceTree = "<group>"; };
		94B2E7181E51A0E600C33528 /* PostDetail.swift */ = {isa = PBXFileReference; fileEncoding = 4; lastKnownFileType = sourcecode.swift; path = PostDetail.swift; sourceTree = "<group>"; };
		94B2E71C1E521D4000C33528 /* FollowerTableViewCell.swift */ = {isa = PBXFileReference; fileEncoding = 4; lastKnownFileType = sourcecode.swift; path = FollowerTableViewCell.swift; sourceTree = "<group>"; };
		94B2E71D1E521D4000C33528 /* FollowerTableViewCell.xib */ = {isa = PBXFileReference; fileEncoding = 4; lastKnownFileType = file.xib; path = FollowerTableViewCell.xib; sourceTree = "<group>"; };
		94B2E7201E52200E00C33528 /* FollowingTableViewCell.swift */ = {isa = PBXFileReference; fileEncoding = 4; lastKnownFileType = sourcecode.swift; path = FollowingTableViewCell.swift; sourceTree = "<group>"; };
		94B2E7211E52200E00C33528 /* FollowingTableViewCell.xib */ = {isa = PBXFileReference; fileEncoding = 4; lastKnownFileType = file.xib; path = FollowingTableViewCell.xib; sourceTree = "<group>"; };
		94B2E7281E52B24600C33528 /* FollowingViewController.swift */ = {isa = PBXFileReference; fileEncoding = 4; lastKnownFileType = sourcecode.swift; path = FollowingViewController.swift; sourceTree = "<group>"; };
		94B2E72A1E52B2B600C33528 /* FollowerViewController.swift */ = {isa = PBXFileReference; fileEncoding = 4; lastKnownFileType = sourcecode.swift; path = FollowerViewController.swift; sourceTree = "<group>"; };
		A02FDD1C533191EA0540E3BF /* Pods-Insta.Gram.debug.xcconfig */ = {isa = PBXFileReference; includeInIndex = 1; lastKnownFileType = text.xcconfig; name = "Pods-Insta.Gram.debug.xcconfig"; path = "Pods/Target Support Files/Pods-Insta.Gram/Pods-Insta.Gram.debug.xcconfig"; sourceTree = "<group>"; };
		AD055100AF878245CB65DB95 /* Pods-Insta.Gram.release.xcconfig */ = {isa = PBXFileReference; includeInIndex = 1; lastKnownFileType = text.xcconfig; name = "Pods-Insta.Gram.release.xcconfig"; path = "Pods/Target Support Files/Pods-Insta.Gram/Pods-Insta.Gram.release.xcconfig"; sourceTree = "<group>"; };
		C01F0A1F1E51651300451A60 /* NewsFeed.storyboard */ = {isa = PBXFileReference; fileEncoding = 4; lastKnownFileType = file.storyboard; path = NewsFeed.storyboard; sourceTree = "<group>"; };
		C01F0A211E5166A200451A60 /* TimelineTableViewCell.swift */ = {isa = PBXFileReference; fileEncoding = 4; lastKnownFileType = sourcecode.swift; path = TimelineTableViewCell.swift; sourceTree = "<group>"; };
		C01F0A221E5166A200451A60 /* TimelineTableViewCell.xib */ = {isa = PBXFileReference; fileEncoding = 4; lastKnownFileType = file.xib; path = TimelineTableViewCell.xib; sourceTree = "<group>"; };
		C01F0A261E51929E00451A60 /* publishPostViewController.swift */ = {isa = PBXFileReference; fileEncoding = 4; lastKnownFileType = sourcecode.swift; path = publishPostViewController.swift; sourceTree = "<group>"; };
		C01F0A2A1E51A33B00451A60 /* AllCommentsViewController.swift */ = {isa = PBXFileReference; fileEncoding = 4; lastKnownFileType = sourcecode.swift; path = AllCommentsViewController.swift; sourceTree = "<group>"; };
		C058301E1E5153B800C8FDD0 /* TimelineViewController.swift */ = {isa = PBXFileReference; fileEncoding = 4; lastKnownFileType = sourcecode.swift; path = TimelineViewController.swift; sourceTree = "<group>"; };
		C0BC48451E4DB9F2001DA1BD /* CreateAccountViewController.swift */ = {isa = PBXFileReference; fileEncoding = 4; lastKnownFileType = sourcecode.swift; path = CreateAccountViewController.swift; sourceTree = "<group>"; };
		C0E401AF1E52BDD1009ECF1B /* CommentsTableViewCell.swift */ = {isa = PBXFileReference; fileEncoding = 4; lastKnownFileType = sourcecode.swift; path = CommentsTableViewCell.swift; sourceTree = "<group>"; };
		C0E401B01E52BDD1009ECF1B /* CommentsTableViewCell.xib */ = {isa = PBXFileReference; fileEncoding = 4; lastKnownFileType = file.xib; path = CommentsTableViewCell.xib; sourceTree = "<group>"; };
		C0E401B51E52C385009ECF1B /* Comments.swift */ = {isa = PBXFileReference; fileEncoding = 4; lastKnownFileType = sourcecode.swift; path = Comments.swift; sourceTree = "<group>"; };
		E03398B3C20053A6F879CA64 /* Pods_Insta_Gram.framework */ = {isa = PBXFileReference; explicitFileType = wrapper.framework; includeInIndex = 0; path = Pods_Insta_Gram.framework; sourceTree = BUILT_PRODUCTS_DIR; };
/* End PBXFileReference section */

/* Begin PBXFrameworksBuildPhase section */
		941732431E4DAF2300D90FBE /* Frameworks */ = {
			isa = PBXFrameworksBuildPhase;
			buildActionMask = 2147483647;
			files = (
				12C59A0B87297C3A93C5F56D /* Pods_Insta_Gram.framework in Frameworks */,
			);
			runOnlyForDeploymentPostprocessing = 0;
		};
/* End PBXFrameworksBuildPhase section */

/* Begin PBXGroup section */
		77CFB0E629E9F1C074934D14 /* Frameworks */ = {
			isa = PBXGroup;
			children = (
				E03398B3C20053A6F879CA64 /* Pods_Insta_Gram.framework */,
			);
			name = Frameworks;
			sourceTree = "<group>";
		};
		9417323D1E4DAF2300D90FBE = {
			isa = PBXGroup;
			children = (
				941732481E4DAF2300D90FBE /* Insta.Gram */,
				941732471E4DAF2300D90FBE /* Products */,
				A34D2DD9EBEEB83E6948CF9A /* Pods */,
				77CFB0E629E9F1C074934D14 /* Frameworks */,
			);
			sourceTree = "<group>";
		};
		941732471E4DAF2300D90FBE /* Products */ = {
			isa = PBXGroup;
			children = (
				941732461E4DAF2300D90FBE /* Insta.Gram.app */,
			);
			name = Products;
			sourceTree = "<group>";
		};
		941732481E4DAF2300D90FBE /* Insta.Gram */ = {
			isa = PBXGroup;
			children = (
				941732491E4DAF2300D90FBE /* AppDelegate.swift */,
				C01F0A251E5166B100451A60 /* Timeline */,
				94B2E7111E51672400C33528 /* MainProfile */,
				9417324B1E4DAF2300D90FBE /* LoginViewController.swift */,
				C0BC48451E4DB9F2001DA1BD /* CreateAccountViewController.swift */,
				38EBB0F81E515F3D00D8A40F /* Auth.storyboard */,
				9417324D1E4DAF2300D90FBE /* Main.storyboard */,
				941732531E4DAF2300D90FBE /* Assets.xcassets */,
				941732551E4DAF2300D90FBE /* LaunchScreen.storyboard */,
				941732581E4DAF2300D90FBE /* Info.plist */,
				941732501E4DAF2300D90FBE /* Insta_Gram.xcdatamodeld */,
				9417325E1E4DB3CC00D90FBE /* GoogleService-Info.plist */,
			);
			path = Insta.Gram;
			sourceTree = "<group>";
		};
		94B2E7111E51672400C33528 /* MainProfile */ = {
			isa = PBXGroup;
			children = (
				94B2E70D1E51668C00C33528 /* MainProfile.storyboard */,
				94B2E70F1E5166CC00C33528 /* MainProfileViewController.swift */,
				94B2E7251E52A19A00C33528 /* Follower */,
				94B2E7241E52A18F00C33528 /* Following */,
				94B2E7261E52A1AB00C33528 /* EditProfile */,
				94B2E7271E52A1BC00C33528 /* Class */,
			);
			name = MainProfile;
			sourceTree = "<group>";
		};
		94B2E7241E52A18F00C33528 /* Following */ = {
			isa = PBXGroup;
			children = (
				94B2E7201E52200E00C33528 /* FollowingTableViewCell.swift */,
				94B2E7281E52B24600C33528 /* FollowingViewController.swift */,
				94B2E7211E52200E00C33528 /* FollowingTableViewCell.xib */,
			);
			name = Following;
			sourceTree = "<group>";
		};
		94B2E7251E52A19A00C33528 /* Follower */ = {
			isa = PBXGroup;
			children = (
				94B2E71C1E521D4000C33528 /* FollowerTableViewCell.swift */,
				94B2E72A1E52B2B600C33528 /* FollowerViewController.swift */,
				94B2E71D1E521D4000C33528 /* FollowerTableViewCell.xib */,
			);
			name = Follower;
			sourceTree = "<group>";
		};
		94B2E7261E52A1AB00C33528 /* EditProfile */ = {
			isa = PBXGroup;
			children = (
				94B2E7121E51727900C33528 /* EditProfileViewController.swift */,
				94B2E7141E51908A00C33528 /* EditProfileViewController(Extension).swift */,
			);
			name = EditProfile;
			sourceTree = "<group>";
		};
		94B2E7271E52A1BC00C33528 /* Class */ = {
			isa = PBXGroup;
			children = (
				94B2E7161E51970800C33528 /* UserDetail.swift */,
				94B2E7181E51A0E600C33528 /* PostDetail.swift */,
			);
			name = Class;
			sourceTree = "<group>";
		};
		A34D2DD9EBEEB83E6948CF9A /* Pods */ = {
			isa = PBXGroup;
			children = (
				A02FDD1C533191EA0540E3BF /* Pods-Insta.Gram.debug.xcconfig */,
				AD055100AF878245CB65DB95 /* Pods-Insta.Gram.release.xcconfig */,
			);
			name = Pods;
			sourceTree = "<group>";
		};
		C01F0A251E5166B100451A60 /* Timeline */ = {
			isa = PBXGroup;
			children = (
				C01F0A1F1E51651300451A60 /* NewsFeed.storyboard */,
				C058301E1E5153B800C8FDD0 /* TimelineViewController.swift */,
				C01F0A2A1E51A33B00451A60 /* AllCommentsViewController.swift */,
				C0E401AF1E52BDD1009ECF1B /* CommentsTableViewCell.swift */,
				C0E401B01E52BDD1009ECF1B /* CommentsTableViewCell.xib */,
				C01F0A261E51929E00451A60 /* publishPostViewController.swift */,
				C01F0A211E5166A200451A60 /* TimelineTableViewCell.swift */,
				C01F0A221E5166A200451A60 /* TimelineTableViewCell.xib */,
				C0E401B51E52C385009ECF1B /* Comments.swift */,
			);
			name = Timeline;
			sourceTree = "<group>";
		};
/* End PBXGroup section */

/* Begin PBXNativeTarget section */
		941732451E4DAF2300D90FBE /* Insta.Gram */ = {
			isa = PBXNativeTarget;
			buildConfigurationList = 9417325B1E4DAF2300D90FBE /* Build configuration list for PBXNativeTarget "Insta.Gram" */;
			buildPhases = (
				BDE25EB6086540ADEBF42391 /* [CP] Check Pods Manifest.lock */,
				941732421E4DAF2300D90FBE /* Sources */,
				941732431E4DAF2300D90FBE /* Frameworks */,
				941732441E4DAF2300D90FBE /* Resources */,
				7CFF24EF1E9E96B7D1AA0415 /* [CP] Embed Pods Frameworks */,
				649AE808FB46D507B0F966BA /* [CP] Copy Pods Resources */,
			);
			buildRules = (
			);
			dependencies = (
			);
			name = Insta.Gram;
			productName = Insta.Gram;
			productReference = 941732461E4DAF2300D90FBE /* Insta.Gram.app */;
			productType = "com.apple.product-type.application";
		};
/* End PBXNativeTarget section */

/* Begin PBXProject section */
		9417323E1E4DAF2300D90FBE /* Project object */ = {
			isa = PBXProject;
			attributes = {
				LastSwiftUpdateCheck = 0820;
				LastUpgradeCheck = 0820;
				ORGANIZATIONNAME = "Kok Yong";
				TargetAttributes = {
					941732451E4DAF2300D90FBE = {
						CreatedOnToolsVersion = 8.2.1;
						DevelopmentTeam = G6BQ2J3Q99;
						ProvisioningStyle = Automatic;
					};
				};
			};
			buildConfigurationList = 941732411E4DAF2300D90FBE /* Build configuration list for PBXProject "Insta.Gram" */;
			compatibilityVersion = "Xcode 3.2";
			developmentRegion = English;
			hasScannedForEncodings = 0;
			knownRegions = (
				en,
				Base,
			);
			mainGroup = 9417323D1E4DAF2300D90FBE;
			productRefGroup = 941732471E4DAF2300D90FBE /* Products */;
			projectDirPath = "";
			projectRoot = "";
			targets = (
				941732451E4DAF2300D90FBE /* Insta.Gram */,
			);
		};
/* End PBXProject section */

/* Begin PBXResourcesBuildPhase section */
		941732441E4DAF2300D90FBE /* Resources */ = {
			isa = PBXResourcesBuildPhase;
			buildActionMask = 2147483647;
			files = (
				94B2E7231E52200E00C33528 /* FollowingTableViewCell.xib in Resources */,
				941732571E4DAF2300D90FBE /* LaunchScreen.storyboard in Resources */,
				C01F0A201E51651300451A60 /* NewsFeed.storyboard in Resources */,
				C0E401B21E52BDD1009ECF1B /* CommentsTableViewCell.xib in Resources */,
				94B2E70E1E51668C00C33528 /* MainProfile.storyboard in Resources */,
				941732541E4DAF2300D90FBE /* Assets.xcassets in Resources */,
				9417325F1E4DB3CC00D90FBE /* GoogleService-Info.plist in Resources */,
				9417324F1E4DAF2300D90FBE /* Main.storyboard in Resources */,
				38EBB0F91E515F3D00D8A40F /* Auth.storyboard in Resources */,
			);
			runOnlyForDeploymentPostprocessing = 0;
		};
/* End PBXResourcesBuildPhase section */

/* Begin PBXShellScriptBuildPhase section */
		649AE808FB46D507B0F966BA /* [CP] Copy Pods Resources */ = {
			isa = PBXShellScriptBuildPhase;
			buildActionMask = 2147483647;
			files = (
			);
			inputPaths = (
			);
			name = "[CP] Copy Pods Resources";
			outputPaths = (
			);
			runOnlyForDeploymentPostprocessing = 0;
			shellPath = /bin/sh;
			shellScript = "\"${SRCROOT}/Pods/Target Support Files/Pods-Insta.Gram/Pods-Insta.Gram-resources.sh\"\n";
			showEnvVarsInLog = 0;
		};
		7CFF24EF1E9E96B7D1AA0415 /* [CP] Embed Pods Frameworks */ = {
			isa = PBXShellScriptBuildPhase;
			buildActionMask = 2147483647;
			files = (
			);
			inputPaths = (
			);
			name = "[CP] Embed Pods Frameworks";
			outputPaths = (
			);
			runOnlyForDeploymentPostprocessing = 0;
			shellPath = /bin/sh;
			shellScript = "\"${SRCROOT}/Pods/Target Support Files/Pods-Insta.Gram/Pods-Insta.Gram-frameworks.sh\"\n";
			showEnvVarsInLog = 0;
		};
		BDE25EB6086540ADEBF42391 /* [CP] Check Pods Manifest.lock */ = {
			isa = PBXShellScriptBuildPhase;
			buildActionMask = 2147483647;
			files = (
			);
			inputPaths = (
			);
			name = "[CP] Check Pods Manifest.lock";
			outputPaths = (
			);
			runOnlyForDeploymentPostprocessing = 0;
			shellPath = /bin/sh;
			shellScript = "diff \"${PODS_ROOT}/../Podfile.lock\" \"${PODS_ROOT}/Manifest.lock\" > /dev/null\nif [ $? != 0 ] ; then\n    # print error to STDERR\n    echo \"error: The sandbox is not in sync with the Podfile.lock. Run 'pod install' or update your CocoaPods installation.\" >&2\n    exit 1\nfi\n";
			showEnvVarsInLog = 0;
		};
/* End PBXShellScriptBuildPhase section */

/* Begin PBXSourcesBuildPhase section */
		941732421E4DAF2300D90FBE /* Sources */ = {
			isa = PBXSourcesBuildPhase;
			buildActionMask = 2147483647;
			files = (
				C01F0A2B1E51A33B00451A60 /* AllCommentsViewController.swift in Sources */,
				C0BC48461E4DB9F2001DA1BD /* CreateAccountViewController.swift in Sources */,
				94B2E7191E51A0E600C33528 /* PostDetail.swift in Sources */,
				94B2E71E1E521D4000C33528 /* FollowerTableViewCell.swift in Sources */,
				941732521E4DAF2300D90FBE /* Insta_Gram.xcdatamodeld in Sources */,
				C01F0A271E51929E00451A60 /* publishPostViewController.swift in Sources */,
				94B2E7131E51727900C33528 /* EditProfileViewController.swift in Sources */,
				94B2E7101E5166CC00C33528 /* MainProfileViewController.swift in Sources */,
				94B2E72B1E52B2B600C33528 /* FollowerViewController.swift in Sources */,
				94B2E7291E52B24600C33528 /* FollowingViewController.swift in Sources */,
				94B2E7151E51908A00C33528 /* EditProfileViewController(Extension).swift in Sources */,
				94B2E7221E52200E00C33528 /* FollowingTableViewCell.swift in Sources */,
				94B2E7171E51970800C33528 /* UserDetail.swift in Sources */,
				9417324C1E4DAF2300D90FBE /* LoginViewController.swift in Sources */,
				9417324A1E4DAF2300D90FBE /* AppDelegate.swift in Sources */,
				C0E401B61E52C385009ECF1B /* Comments.swift in Sources */,
				C0E401B11E52BDD1009ECF1B /* CommentsTableViewCell.swift in Sources */,
				C01F0A231E5166A200451A60 /* TimelineTableViewCell.swift in Sources */,
				C058301F1E5153B800C8FDD0 /* TimelineViewController.swift in Sources */,
			);
			runOnlyForDeploymentPostprocessing = 0;
		};
/* End PBXSourcesBuildPhase section */

/* Begin PBXVariantGroup section */
		9417324D1E4DAF2300D90FBE /* Main.storyboard */ = {
			isa = PBXVariantGroup;
			children = (
				9417324E1E4DAF2300D90FBE /* Base */,
			);
			name = Main.storyboard;
			sourceTree = "<group>";
		};
		941732551E4DAF2300D90FBE /* LaunchScreen.storyboard */ = {
			isa = PBXVariantGroup;
			children = (
				941732561E4DAF2300D90FBE /* Base */,
			);
			name = LaunchScreen.storyboard;
			sourceTree = "<group>";
		};
/* End PBXVariantGroup section */

/* Begin XCBuildConfiguration section */
		941732591E4DAF2300D90FBE /* Debug */ = {
			isa = XCBuildConfiguration;
			buildSettings = {
				ALWAYS_SEARCH_USER_PATHS = NO;
				CLANG_ANALYZER_NONNULL = YES;
				CLANG_CXX_LANGUAGE_STANDARD = "gnu++0x";
				CLANG_CXX_LIBRARY = "libc++";
				CLANG_ENABLE_MODULES = YES;
				CLANG_ENABLE_OBJC_ARC = YES;
				CLANG_WARN_BOOL_CONVERSION = YES;
				CLANG_WARN_CONSTANT_CONVERSION = YES;
				CLANG_WARN_DIRECT_OBJC_ISA_USAGE = YES_ERROR;
				CLANG_WARN_DOCUMENTATION_COMMENTS = YES;
				CLANG_WARN_EMPTY_BODY = YES;
				CLANG_WARN_ENUM_CONVERSION = YES;
				CLANG_WARN_INFINITE_RECURSION = YES;
				CLANG_WARN_INT_CONVERSION = YES;
				CLANG_WARN_OBJC_ROOT_CLASS = YES_ERROR;
				CLANG_WARN_SUSPICIOUS_MOVE = YES;
				CLANG_WARN_UNREACHABLE_CODE = YES;
				CLANG_WARN__DUPLICATE_METHOD_MATCH = YES;
				"CODE_SIGN_IDENTITY[sdk=iphoneos*]" = "iPhone Developer";
				COPY_PHASE_STRIP = NO;
				DEBUG_INFORMATION_FORMAT = dwarf;
				ENABLE_STRICT_OBJC_MSGSEND = YES;
				ENABLE_TESTABILITY = YES;
				GCC_C_LANGUAGE_STANDARD = gnu99;
				GCC_DYNAMIC_NO_PIC = NO;
				GCC_NO_COMMON_BLOCKS = YES;
				GCC_OPTIMIZATION_LEVEL = 0;
				GCC_PREPROCESSOR_DEFINITIONS = (
					"DEBUG=1",
					"$(inherited)",
				);
				GCC_WARN_64_TO_32_BIT_CONVERSION = YES;
				GCC_WARN_ABOUT_RETURN_TYPE = YES_ERROR;
				GCC_WARN_UNDECLARED_SELECTOR = YES;
				GCC_WARN_UNINITIALIZED_AUTOS = YES_AGGRESSIVE;
				GCC_WARN_UNUSED_FUNCTION = YES;
				GCC_WARN_UNUSED_VARIABLE = YES;
				IPHONEOS_DEPLOYMENT_TARGET = 10.2;
				MTL_ENABLE_DEBUG_INFO = YES;
				ONLY_ACTIVE_ARCH = YES;
				SDKROOT = iphoneos;
				SWIFT_ACTIVE_COMPILATION_CONDITIONS = DEBUG;
				SWIFT_OPTIMIZATION_LEVEL = "-Onone";
			};
			name = Debug;
		};
		9417325A1E4DAF2300D90FBE /* Release */ = {
			isa = XCBuildConfiguration;
			buildSettings = {
				ALWAYS_SEARCH_USER_PATHS = NO;
				CLANG_ANALYZER_NONNULL = YES;
				CLANG_CXX_LANGUAGE_STANDARD = "gnu++0x";
				CLANG_CXX_LIBRARY = "libc++";
				CLANG_ENABLE_MODULES = YES;
				CLANG_ENABLE_OBJC_ARC = YES;
				CLANG_WARN_BOOL_CONVERSION = YES;
				CLANG_WARN_CONSTANT_CONVERSION = YES;
				CLANG_WARN_DIRECT_OBJC_ISA_USAGE = YES_ERROR;
				CLANG_WARN_DOCUMENTATION_COMMENTS = YES;
				CLANG_WARN_EMPTY_BODY = YES;
				CLANG_WARN_ENUM_CONVERSION = YES;
				CLANG_WARN_INFINITE_RECURSION = YES;
				CLANG_WARN_INT_CONVERSION = YES;
				CLANG_WARN_OBJC_ROOT_CLASS = YES_ERROR;
				CLANG_WARN_SUSPICIOUS_MOVE = YES;
				CLANG_WARN_UNREACHABLE_CODE = YES;
				CLANG_WARN__DUPLICATE_METHOD_MATCH = YES;
				"CODE_SIGN_IDENTITY[sdk=iphoneos*]" = "iPhone Developer";
				COPY_PHASE_STRIP = NO;
				DEBUG_INFORMATION_FORMAT = "dwarf-with-dsym";
				ENABLE_NS_ASSERTIONS = NO;
				ENABLE_STRICT_OBJC_MSGSEND = YES;
				GCC_C_LANGUAGE_STANDARD = gnu99;
				GCC_NO_COMMON_BLOCKS = YES;
				GCC_WARN_64_TO_32_BIT_CONVERSION = YES;
				GCC_WARN_ABOUT_RETURN_TYPE = YES_ERROR;
				GCC_WARN_UNDECLARED_SELECTOR = YES;
				GCC_WARN_UNINITIALIZED_AUTOS = YES_AGGRESSIVE;
				GCC_WARN_UNUSED_FUNCTION = YES;
				GCC_WARN_UNUSED_VARIABLE = YES;
				IPHONEOS_DEPLOYMENT_TARGET = 10.2;
				MTL_ENABLE_DEBUG_INFO = NO;
				SDKROOT = iphoneos;
				SWIFT_OPTIMIZATION_LEVEL = "-Owholemodule";
				VALIDATE_PRODUCT = YES;
			};
			name = Release;
		};
		9417325C1E4DAF2300D90FBE /* Debug */ = {
			isa = XCBuildConfiguration;
			baseConfigurationReference = A02FDD1C533191EA0540E3BF /* Pods-Insta.Gram.debug.xcconfig */;
			buildSettings = {
				ASSETCATALOG_COMPILER_APPICON_NAME = AppIcon;
				DEVELOPMENT_TEAM = G6BQ2J3Q99;
				INFOPLIST_FILE = Insta.Gram/Info.plist;
				LD_RUNPATH_SEARCH_PATHS = "$(inherited) @executable_path/Frameworks";
				PRODUCT_BUNDLE_IDENTIFIER = "com.KY.Insta-Gram";
				PRODUCT_NAME = "$(TARGET_NAME)";
				SWIFT_VERSION = 3.0;
			};
			name = Debug;
		};
		9417325D1E4DAF2300D90FBE /* Release */ = {
			isa = XCBuildConfiguration;
			baseConfigurationReference = AD055100AF878245CB65DB95 /* Pods-Insta.Gram.release.xcconfig */;
			buildSettings = {
				ASSETCATALOG_COMPILER_APPICON_NAME = AppIcon;
				DEVELOPMENT_TEAM = G6BQ2J3Q99;
				INFOPLIST_FILE = Insta.Gram/Info.plist;
				LD_RUNPATH_SEARCH_PATHS = "$(inherited) @executable_path/Frameworks";
				PRODUCT_BUNDLE_IDENTIFIER = "com.KY.Insta-Gram";
				PRODUCT_NAME = "$(TARGET_NAME)";
				SWIFT_VERSION = 3.0;
			};
			name = Release;
		};
/* End XCBuildConfiguration section */

/* Begin XCConfigurationList section */
		941732411E4DAF2300D90FBE /* Build configuration list for PBXProject "Insta.Gram" */ = {
			isa = XCConfigurationList;
			buildConfigurations = (
				941732591E4DAF2300D90FBE /* Debug */,
				9417325A1E4DAF2300D90FBE /* Release */,
			);
			defaultConfigurationIsVisible = 0;
			defaultConfigurationName = Release;
		};
		9417325B1E4DAF2300D90FBE /* Build configuration list for PBXNativeTarget "Insta.Gram" */ = {
			isa = XCConfigurationList;
			buildConfigurations = (
				9417325C1E4DAF2300D90FBE /* Debug */,
				9417325D1E4DAF2300D90FBE /* Release */,
			);
			defaultConfigurationIsVisible = 0;
			defaultConfigurationName = Release;
		};
/* End XCConfigurationList section */

/* Begin XCVersionGroup section */
		941732501E4DAF2300D90FBE /* Insta_Gram.xcdatamodeld */ = {
			isa = XCVersionGroup;
			children = (
				941732511E4DAF2300D90FBE /* Insta_Gram.xcdatamodel */,
			);
			currentVersion = 941732511E4DAF2300D90FBE /* Insta_Gram.xcdatamodel */;
			path = Insta_Gram.xcdatamodeld;
			sourceTree = "<group>";
			versionGroupType = wrapper.xcdatamodel;
		};
/* End XCVersionGroup section */
	};
	rootObject = 9417323E1E4DAF2300D90FBE /* Project object */;
}
